
Microsoft Visual Studio Solution File, Format Version 12.00
# Visual Studio Version 17
VisualStudioVersion = 17.5.33516.290
MinimumVisualStudioVersion = 10.0.40219.1
Project("{FAE04EC0-301F-11D3-BF4B-00C04F79EFBC}") = "cs17_Inheritance", "cs17_Inheritance\cs17_Inheritance.csproj", "{AB12CB8F-BD53-4F80-9D81-11754A18F30E}"
EndProject
Project("{FAE04EC0-301F-11D3-BF4B-00C04F79EFBC}") = "cs18_override", "cs18_override\cs18_override.csproj", "{7AAB40A4-606F-4227-977F-A108B995FF32}"
EndProject
Project("{FAE04EC0-301F-11D3-BF4B-00C04F79EFBC}") = "cs19_interface", "cs19_interface\cs19_interface.csproj", "{7A87B6EC-3AF8-44DE-9261-89001BE64987}"
EndProject
Global
	GlobalSection(SolutionConfigurationPlatforms) = preSolution
		Debug|Any CPU = Debug|Any CPU
		Release|Any CPU = Release|Any CPU
	EndGlobalSection
	GlobalSection(ProjectConfigurationPlatforms) = postSolution
		{AB12CB8F-BD53-4F80-9D81-11754A18F30E}.Debug|Any CPU.ActiveCfg = Debug|Any CPU
		{AB12CB8F-BD53-4F80-9D81-11754A18F30E}.Debug|Any CPU.Build.0 = Debug|Any CPU
		{AB12CB8F-BD53-4F80-9D81-11754A18F30E}.Release|Any CPU.ActiveCfg = Release|Any CPU
		{AB12CB8F-BD53-4F80-9D81-11754A18F30E}.Release|Any CPU.Build.0 = Release|Any CPU
		{7AAB40A4-606F-4227-977F-A108B995FF32}.Debug|Any CPU.ActiveCfg = Debug|Any CPU
		{7AAB40A4-606F-4227-977F-A108B995FF32}.Debug|Any CPU.Build.0 = Debug|Any CPU
		{7AAB40A4-606F-4227-977F-A108B995FF32}.Release|Any CPU.ActiveCfg = Release|Any CPU
		{7AAB40A4-606F-4227-977F-A108B995FF32}.Release|Any CPU.Build.0 = Release|Any CPU
		{7A87B6EC-3AF8-44DE-9261-89001BE64987}.Debug|Any CPU.ActiveCfg = Debug|Any CPU
		{7A87B6EC-3AF8-44DE-9261-89001BE64987}.Debug|Any CPU.Build.0 = Debug|Any CPU
		{7A87B6EC-3AF8-44DE-9261-89001BE64987}.Release|Any CPU.ActiveCfg = Release|Any CPU
		{7A87B6EC-3AF8-44DE-9261-89001BE64987}.Release|Any CPU.Build.0 = Release|Any CPU
	EndGlobalSection
	GlobalSection(SolutionProperties) = preSolution
		HideSolutionNode = FALSE
	EndGlobalSection
	GlobalSection(ExtensibilityGlobals) = postSolution
		SolutionGuid = {82BEC856-B64F-4AA1-AF25-02AA7C8570EA}
	EndGlobalSection
EndGlobal
