
Microsoft Visual Studio Solution File, Format Version 12.00
# Visual Studio Version 17
VisualStudioVersion = 17.5.33516.290
MinimumVisualStudioVersion = 10.0.40219.1
Project("{FAE04EC0-301F-11D3-BF4B-00C04F79EFBC}") = "wf01_simplewinapp", "wf01_simplewinapp\wf01_simplewinapp.csproj", "{7D376975-E64A-46BD-820B-1968FEA9C5E2}"
EndProject
Project("{FAE04EC0-301F-11D3-BF4B-00C04F79EFBC}") = "wf02_realwinapp", "wf02_realwinapp\wf02_realwinapp.csproj", "{21CC6281-8E25-4821-8B2C-69C5ADC8CD50}"
EndProject
Project("{FAE04EC0-301F-11D3-BF4B-00C04F79EFBC}") = "wf03_property", "wf03_property\wf03_property.csproj", "{76228579-A7E4-4EAC-8BC1-20A2D3B169D3}"
EndProject
Global
	GlobalSection(SolutionConfigurationPlatforms) = preSolution
		Debug|Any CPU = Debug|Any CPU
		Release|Any CPU = Release|Any CPU
	EndGlobalSection
	GlobalSection(ProjectConfigurationPlatforms) = postSolution
		{7D376975-E64A-46BD-820B-1968FEA9C5E2}.Debug|Any CPU.ActiveCfg = Debug|Any CPU
		{7D376975-E64A-46BD-820B-1968FEA9C5E2}.Debug|Any CPU.Build.0 = Debug|Any CPU
		{7D376975-E64A-46BD-820B-1968FEA9C5E2}.Release|Any CPU.ActiveCfg = Release|Any CPU
		{7D376975-E64A-46BD-820B-1968FEA9C5E2}.Release|Any CPU.Build.0 = Release|Any CPU
		{21CC6281-8E25-4821-8B2C-69C5ADC8CD50}.Debug|Any CPU.ActiveCfg = Debug|Any CPU
		{21CC6281-8E25-4821-8B2C-69C5ADC8CD50}.Debug|Any CPU.Build.0 = Debug|Any CPU
		{21CC6281-8E25-4821-8B2C-69C5ADC8CD50}.Release|Any CPU.ActiveCfg = Release|Any CPU
		{21CC6281-8E25-4821-8B2C-69C5ADC8CD50}.Release|Any CPU.Build.0 = Release|Any CPU
		{76228579-A7E4-4EAC-8BC1-20A2D3B169D3}.Debug|Any CPU.ActiveCfg = Debug|Any CPU
		{76228579-A7E4-4EAC-8BC1-20A2D3B169D3}.Debug|Any CPU.Build.0 = Debug|Any CPU
		{76228579-A7E4-4EAC-8BC1-20A2D3B169D3}.Release|Any CPU.ActiveCfg = Release|Any CPU
		{76228579-A7E4-4EAC-8BC1-20A2D3B169D3}.Release|Any CPU.Build.0 = Release|Any CPU
	EndGlobalSection
	GlobalSection(SolutionProperties) = preSolution
		HideSolutionNode = FALSE
	EndGlobalSection
	GlobalSection(ExtensibilityGlobals) = postSolution
		SolutionGuid = {B3FE1B52-CCC5-4510-B17C-E1FC5D626B01}
	EndGlobalSection
EndGlobal
