
Microsoft Visual Studio Solution File, Format Version 12.00
# Visual Studio Version 17
VisualStudioVersion = 17.5.33516.290
MinimumVisualStudioVersion = 10.0.40219.1
Project("{FAE04EC0-301F-11D3-BF4B-00C04F79EFBC}") = "cs20_abstractClass", "cs20_abstractClass\cs20_abstractClass.csproj", "{F8D1945E-B760-4FA5-BD11-F9183B052925}"
EndProject
Project("{FAE04EC0-301F-11D3-BF4B-00C04F79EFBC}") = "cs21_property", "cs21_property\cs21_property.csproj", "{DD2E9B47-166C-4EDB-A599-67C6B43356BB}"
EndProject
Project("{FAE04EC0-301F-11D3-BF4B-00C04F79EFBC}") = "cs22_collection", "cs22_collection\cs22_collection.csproj", "{FDA9DA05-89B3-4402-A47D-E32BD5F1E4FC}"
EndProject
Global
	GlobalSection(SolutionConfigurationPlatforms) = preSolution
		Debug|Any CPU = Debug|Any CPU
		Release|Any CPU = Release|Any CPU
	EndGlobalSection
	GlobalSection(ProjectConfigurationPlatforms) = postSolution
		{F8D1945E-B760-4FA5-BD11-F9183B052925}.Debug|Any CPU.ActiveCfg = Debug|Any CPU
		{F8D1945E-B760-4FA5-BD11-F9183B052925}.Debug|Any CPU.Build.0 = Debug|Any CPU
		{F8D1945E-B760-4FA5-BD11-F9183B052925}.Release|Any CPU.ActiveCfg = Release|Any CPU
		{F8D1945E-B760-4FA5-BD11-F9183B052925}.Release|Any CPU.Build.0 = Release|Any CPU
		{DD2E9B47-166C-4EDB-A599-67C6B43356BB}.Debug|Any CPU.ActiveCfg = Debug|Any CPU
		{DD2E9B47-166C-4EDB-A599-67C6B43356BB}.Debug|Any CPU.Build.0 = Debug|Any CPU
		{DD2E9B47-166C-4EDB-A599-67C6B43356BB}.Release|Any CPU.ActiveCfg = Release|Any CPU
		{DD2E9B47-166C-4EDB-A599-67C6B43356BB}.Release|Any CPU.Build.0 = Release|Any CPU
		{FDA9DA05-89B3-4402-A47D-E32BD5F1E4FC}.Debug|Any CPU.ActiveCfg = Debug|Any CPU
		{FDA9DA05-89B3-4402-A47D-E32BD5F1E4FC}.Debug|Any CPU.Build.0 = Debug|Any CPU
		{FDA9DA05-89B3-4402-A47D-E32BD5F1E4FC}.Release|Any CPU.ActiveCfg = Release|Any CPU
		{FDA9DA05-89B3-4402-A47D-E32BD5F1E4FC}.Release|Any CPU.Build.0 = Release|Any CPU
	EndGlobalSection
	GlobalSection(SolutionProperties) = preSolution
		HideSolutionNode = FALSE
	EndGlobalSection
	GlobalSection(ExtensibilityGlobals) = postSolution
		SolutionGuid = {FB621FA7-E0BE-4B83-A6DA-20B329C5481F}
	EndGlobalSection
EndGlobal
