
Microsoft Visual Studio Solution File, Format Version 12.00
# Visual Studio Version 17
VisualStudioVersion = 17.5.33516.290
MinimumVisualStudioVersion = 10.0.40219.1
Project("{FAE04EC0-301F-11D3-BF4B-00C04F79EFBC}") = "wf09_dbhandling", "wf09_dbhandling\wf09_dbhandling.csproj", "{5E5E9AFF-64DB-49CA-B9FB-8B5D1E200D2E}"
EndProject
Project("{FAE04EC0-301F-11D3-BF4B-00C04F79EFBC}") = "wf10_mysqlhandling", "wf10_mysql\wf10_mysqlhandling.csproj", "{8EA9366B-06A8-442E-AEEF-7342FDDC615E}"
EndProject
Project("{FAE04EC0-301F-11D3-BF4B-00C04F79EFBC}") = "wf11_mditest", "wf11_mditest\wf11_mditest.csproj", "{1D4F1A36-4902-46A5-A369-265FDBFDBB0F}"
EndProject
Global
	GlobalSection(SolutionConfigurationPlatforms) = preSolution
		Debug|Any CPU = Debug|Any CPU
		Release|Any CPU = Release|Any CPU
	EndGlobalSection
	GlobalSection(ProjectConfigurationPlatforms) = postSolution
		{5E5E9AFF-64DB-49CA-B9FB-8B5D1E200D2E}.Debug|Any CPU.ActiveCfg = Debug|Any CPU
		{5E5E9AFF-64DB-49CA-B9FB-8B5D1E200D2E}.Debug|Any CPU.Build.0 = Debug|Any CPU
		{5E5E9AFF-64DB-49CA-B9FB-8B5D1E200D2E}.Release|Any CPU.ActiveCfg = Release|Any CPU
		{5E5E9AFF-64DB-49CA-B9FB-8B5D1E200D2E}.Release|Any CPU.Build.0 = Release|Any CPU
		{8EA9366B-06A8-442E-AEEF-7342FDDC615E}.Debug|Any CPU.ActiveCfg = Debug|Any CPU
		{8EA9366B-06A8-442E-AEEF-7342FDDC615E}.Debug|Any CPU.Build.0 = Debug|Any CPU
		{8EA9366B-06A8-442E-AEEF-7342FDDC615E}.Release|Any CPU.ActiveCfg = Release|Any CPU
		{8EA9366B-06A8-442E-AEEF-7342FDDC615E}.Release|Any CPU.Build.0 = Release|Any CPU
		{1D4F1A36-4902-46A5-A369-265FDBFDBB0F}.Debug|Any CPU.ActiveCfg = Debug|Any CPU
		{1D4F1A36-4902-46A5-A369-265FDBFDBB0F}.Debug|Any CPU.Build.0 = Debug|Any CPU
		{1D4F1A36-4902-46A5-A369-265FDBFDBB0F}.Release|Any CPU.ActiveCfg = Release|Any CPU
		{1D4F1A36-4902-46A5-A369-265FDBFDBB0F}.Release|Any CPU.Build.0 = Release|Any CPU
	EndGlobalSection
	GlobalSection(SolutionProperties) = preSolution
		HideSolutionNode = FALSE
	EndGlobalSection
	GlobalSection(ExtensibilityGlobals) = postSolution
		SolutionGuid = {8FD52AB0-7FAF-47BE-AA3D-BFD4F7BEC2BC}
	EndGlobalSection
EndGlobal
