
Microsoft Visual Studio Solution File, Format Version 12.00
# Visual Studio Version 17
VisualStudioVersion = 17.5.33516.290
MinimumVisualStudioVersion = 10.0.40219.1
Project("{FAE04EC0-301F-11D3-BF4B-00C04F79EFBC}") = "number_1_app", "number_1_app\number_1_app.csproj", "{7BC3E871-38C2-454F-99DD-86224A4F1659}"
EndProject
Project("{FAE04EC0-301F-11D3-BF4B-00C04F79EFBC}") = "number_3_app", "number_3_app\number_3_app.csproj", "{D46A602A-E086-437D-B88B-C2C62A34CEB0}"
EndProject
Project("{FAE04EC0-301F-11D3-BF4B-00C04F79EFBC}") = "number_4_app", "number_4_app\number_4_app.csproj", "{84CBFC99-BEE1-499B-8E87-98DD33C50F93}"
EndProject
Project("{FAE04EC0-301F-11D3-BF4B-00C04F79EFBC}") = "number_5_app", "number_5_app\number_5_app.csproj", "{97D2F880-918F-4BB2-AC73-CF644D3FA9A3}"
EndProject
Global
	GlobalSection(SolutionConfigurationPlatforms) = preSolution
		Debug|Any CPU = Debug|Any CPU
		Release|Any CPU = Release|Any CPU
	EndGlobalSection
	GlobalSection(ProjectConfigurationPlatforms) = postSolution
		{7BC3E871-38C2-454F-99DD-86224A4F1659}.Debug|Any CPU.ActiveCfg = Debug|Any CPU
		{7BC3E871-38C2-454F-99DD-86224A4F1659}.Debug|Any CPU.Build.0 = Debug|Any CPU
		{7BC3E871-38C2-454F-99DD-86224A4F1659}.Release|Any CPU.ActiveCfg = Release|Any CPU
		{7BC3E871-38C2-454F-99DD-86224A4F1659}.Release|Any CPU.Build.0 = Release|Any CPU
		{D46A602A-E086-437D-B88B-C2C62A34CEB0}.Debug|Any CPU.ActiveCfg = Debug|Any CPU
		{D46A602A-E086-437D-B88B-C2C62A34CEB0}.Debug|Any CPU.Build.0 = Debug|Any CPU
		{D46A602A-E086-437D-B88B-C2C62A34CEB0}.Release|Any CPU.ActiveCfg = Release|Any CPU
		{D46A602A-E086-437D-B88B-C2C62A34CEB0}.Release|Any CPU.Build.0 = Release|Any CPU
		{84CBFC99-BEE1-499B-8E87-98DD33C50F93}.Debug|Any CPU.ActiveCfg = Debug|Any CPU
		{84CBFC99-BEE1-499B-8E87-98DD33C50F93}.Debug|Any CPU.Build.0 = Debug|Any CPU
		{84CBFC99-BEE1-499B-8E87-98DD33C50F93}.Release|Any CPU.ActiveCfg = Release|Any CPU
		{84CBFC99-BEE1-499B-8E87-98DD33C50F93}.Release|Any CPU.Build.0 = Release|Any CPU
		{97D2F880-918F-4BB2-AC73-CF644D3FA9A3}.Debug|Any CPU.ActiveCfg = Debug|Any CPU
		{97D2F880-918F-4BB2-AC73-CF644D3FA9A3}.Debug|Any CPU.Build.0 = Debug|Any CPU
		{97D2F880-918F-4BB2-AC73-CF644D3FA9A3}.Release|Any CPU.ActiveCfg = Release|Any CPU
		{97D2F880-918F-4BB2-AC73-CF644D3FA9A3}.Release|Any CPU.Build.0 = Release|Any CPU
	EndGlobalSection
	GlobalSection(SolutionProperties) = preSolution
		HideSolutionNode = FALSE
	EndGlobalSection
	GlobalSection(ExtensibilityGlobals) = postSolution
		SolutionGuid = {237A7839-AA33-4D26-8F90-360A7E6C0DD9}
	EndGlobalSection
EndGlobal
